hash: b36f65c2ff7ef46a5155c3908de656f43372b325895cd269ab47baa3bf54e497
updated: 2016-03-27T20:36:18.776838592+02:00
imports:
- name: github.com/codegangsta/cli
  version: bc465becccd1d527002fda095fc3c19d9c115029
- name: github.com/labstack/echo
  version: 16c6f478b1a1e585bc88ada99aa423544279b047
  subpackages:
  - '...'
- name: github.com/mrvdot/golang-utils
  version: 84173ecd73fd871b1d807d48c8042f1429a3097f
- name: gopkg.in/mgo.v2
  version: b6e2fa371e64216a45e61072a96d4e3859f169da
devImports: []
