hash: 693f093e202e518bd89b6e6c69a25f92266f48e5f718258c28bb4c1a2ed6f6dc
updated: 2016-03-28T02:37:34.706415847+02:00
imports:
- name: github.com/codegangsta/cli
  version: bc465becccd1d527002fda095fc3c19d9c115029
- name: github.com/labstack/echo
  version: a2d757eddc4d3bf17919d8e4b0a9b60743d38ecc
  subpackages:
  - '...'
- name: github.com/mrvdot/golang-utils
  version: 84173ecd73fd871b1d807d48c8042f1429a3097f
- name: golang.org/x/text
  version: 1b466db55e0ba5d56ef5315c728216b42f796491
  subpackages:
  - unicode/norm
- name: gopkg.in/mgo.v2
  version: b6e2fa371e64216a45e61072a96d4e3859f169da
devImports: []
