# This file is autogenerated, do not edit; changes may be undone by the next 'dep ensure'.


[[projects]]
  name = "github.com/codegangsta/cli"
  packages = ["."]
  revision = "d9021faab69f92295ef7061bd39e4a76dcbdef32"

[[projects]]
  name = "github.com/dgrijalva/jwt-go"
  packages = ["."]
  revision = "63734eae1ef55eaac06fdc0f312615f2e321e273"

[[projects]]
  name = "github.com/labstack/echo"
  packages = [
    ".",
    "engine",
    "engine/standard",
    "log",
    "middleware"
  ]
  revision = "8fc833b4d5ce7661fd9ff64dee028da153531779"

[[projects]]
  name = "github.com/labstack/gommon"
  packages = [
    "bytes",
    "color",
    "log",
    "random"
  ]
  revision = "445cf40e6de4cbef35daf3285ff5212c91e78262"

[[projects]]
  name = "github.com/mattn/go-colorable"
  packages = ["."]
  revision = "9056b7a9f2d1f2d96498d6d146acd1f9d5ed3d59"
  version = "v0.0.5"

[[projects]]
  name = "github.com/mattn/go-isatty"
  packages = ["."]
  revision = "56b76bdf51f7708750eac80fa38b952bb9f32639"

[[projects]]
  name = "github.com/satori/go.uuid"
  packages = ["."]
  revision = "0aa62d5ddceb50dbcb909d790b5345affd3669b6"

[[projects]]
  name = "github.com/valyala/fasttemplate"
  packages = ["."]
  revision = "3b874956e03f1636d171bda64b130f9135f42cff"

[[projects]]
  name = "golang.org/x/net"
  packages = ["context"]
  revision = "6a513affb38dc9788b449d59ffed099b8de18fa0"

[[projects]]
  name = "golang.org/x/sys"
  packages = ["unix"]
  revision = "a646d33e2ee3172a661fc09bca23bb4889a41bc8"

[[projects]]
  name = "gopkg.in/mgo.v2"
  packages = [
    ".",
    "bson",
    "internal/sasl",
    "internal/scram"
  ]
  revision = "29cc868a5ca65f401ff318143f9408d02f4799cc"

[solve-meta]
  analyzer-name = "dep"
  analyzer-version = 1
  inputs-digest = "984ae0745ad3c9a6ba398d4b1e3c125f23000ed2d30c9a9b9f735ffd0cf8b634"
  solver-name = "gps-cdcl"
  solver-version = 1
